lockfileVersion: '9.0'

settings:
  autoInstallPeers: true
  excludeLinksFromLockfile: false

importers:

  .:
    dependencies:
      '@adamburgess/linq':
        specifier: ^3.0.0
        version: 3.0.0
      '@iarna/toml':
        specifier: ^2.2.5
        version: 2.2.5
      alpine-apk:
        specifier: ^2.0.1
        version: 2.0.1
      async-mutex:
        specifier: ^0.5.0
        version: 0.5.0
      js-yaml:
        specifier: ^4.1.0
        version: 4.1.0
      undici:
        specifier: ^6.15.0
        version: 6.15.0
    devDependencies:
      '@netlify/functions':
        specifier: ^2.6.3
        version: 2.6.3(@opentelemetry/api@1.8.0)
      '@types/iarna__toml':
        specifier: ^2.0.5
        version: 2.0.5
      '@types/js-yaml':
        specifier: ^4.0.9
        version: 4.0.9
      '@types/node':
        specifier: ^20.12.8
        version: 20.12.8
      typescript:
        specifier: ^5.4.5
        version: 5.4.5

packages:

  '@adamburgess/linq@3.0.0':
    resolution: {integrity: sha512-3AXhQK8owD+bb991XmK7gosuX01lv7L8bfj2jMbBkhrsxEyfH3Zc7daY4lQxmKUABmIg5ZdVvO0U1C70b3BhQA==}

  '@iarna/toml@2.2.5':
    resolution: {integrity: sha512-trnsAYxU3xnS1gPHPyU961coFyLkh4gAD/0zQ5mymY4yOZ+CYvsPqUbOFSw0aDM4y0tV7tiFxL/1XfXPNC6IPg==}

  '@mswjs/interceptors@0.27.2':
    resolution: {integrity: sha512-mE6PhwcoW70EX8+h+Y/4dLfHk33GFt/y5PzDJz56ktMyaVGFXMJ5BYLbUjdmGEABfE0x5GgAGyKbrbkYww2s3A==}
    engines: {node: '>=18'}

  '@netlify/functions@2.6.3':
    resolution: {integrity: sha512-7Z9gWyAuPI2NnBOvpYPD66KIWOgNznLz9BkyZ0c7qeRE6p23UCMVZ2VsrJpjPDgoJtKplGSBzASl6fQD7iEeWw==}
    engines: {node: '>=14.0.0'}

  '@netlify/node-cookies@0.1.0':
    resolution: {integrity: sha512-OAs1xG+FfLX0LoRASpqzVntVV/RpYkgpI0VrUnw2u0Q1qiZUzcPffxRK8HF3gc4GjuhG5ahOEMJ9bswBiZPq0g==}
    engines: {node: ^14.16.0 || >=16.0.0}

  '@netlify/serverless-functions-api@1.18.0':
    resolution: {integrity: sha512-VCU5btoGZ8M6iI7HSwpfZXCpBLKWFmRtq5xYt0K7dY96BZWVBmaZY6Tn+w4L2DrGXwAsIeOFNp8CHjVXfuCAkg==}
    engines: {node: '>=18.0.0'}

  '@open-draft/deferred-promise@2.2.0':
    resolution: {integrity: sha512-CecwLWx3rhxVQF6V4bAgPS5t+So2sTbPgAzafKkVizyi7tlwpcFpdFqq+wqF2OwNBmqFuu6tOyouTuxgpMfzmA==}

  '@open-draft/logger@0.3.0':
    resolution: {integrity: sha512-X2g45fzhxH238HKO4xbSr7+wBS8Fvw6ixhTDuvLd5mqh6bJJCFAPwU9mPDxbcrRtfxv4u5IHCEH77BmxvXmmxQ==}

  '@open-draft/until@2.1.0':
    resolution: {integrity: sha512-U69T3ItWHvLwGg5eJ0n3I62nWuE6ilHlmz7zM0npLBRvPRd7e6NYmg54vvRtP5mZG7kZqZCFVdsTWo7BPtBujg==}

  '@opentelemetry/api-logs@0.50.0':
    resolution: {integrity: sha512-JdZuKrhOYggqOpUljAq4WWNi5nB10PmgoF0y2CvedLGXd0kSawb/UBnWT8gg1ND3bHCNHStAIVT0ELlxJJRqrA==}
    engines: {node: '>=14'}

  '@opentelemetry/api@1.8.0':
    resolution: {integrity: sha512-I/s6F7yKUDdtMsoBWXJe8Qz40Tui5vsuKCWJEWVL+5q9sSWRzzx6v2KeNsOBEwd94j0eWkpWCH4yB6rZg9Mf0w==}
    engines: {node: '>=8.0.0'}

  '@opentelemetry/core@1.23.0':
    resolution: {integrity: sha512-hdQ/a9TMzMQF/BO8Cz1juA43/L5YGtCSiKoOHmrTEf7VMDAZgy8ucpWx3eQTnQ3gBloRcWtzvcrMZABC3PTSKQ==}
    engines: {node: '>=14'}
    peerDependencies:
      '@opentelemetry/api': '>=1.0.0 <1.9.0'

  '@opentelemetry/core@1.24.0':
    resolution: {integrity: sha512-FP2oN7mVPqcdxJDTTnKExj4mi91EH+DNuArKfHTjPuJWe2K1JfMIVXNfahw1h3onJxQnxS8K0stKkogX05s+Aw==}
    engines: {node: '>=14'}
    peerDependencies:
      '@opentelemetry/api': '>=1.0.0 <1.9.0'

  '@opentelemetry/otlp-transformer@0.50.0':
    resolution: {integrity: sha512-s0sl1Yfqd5q1Kjrf6DqXPWzErL+XHhrXOfejh4Vc/SMTNqC902xDsC8JQxbjuramWt/+hibfguIvi7Ns8VLolA==}
    engines: {node: '>=14'}
    peerDependencies:
      '@opentelemetry/api': '>=1.3.0 <1.9.0'

  '@opentelemetry/resources@1.23.0':
    resolution: {integrity: sha512-iPRLfVfcEQynYGo7e4Di+ti+YQTAY0h5mQEUJcHlU9JOqpb4x965O6PZ+wMcwYVY63G96KtdS86YCM1BF1vQZg==}
    engines: {node: '>=14'}
    peerDependencies:
      '@opentelemetry/api': '>=1.0.0 <1.9.0'

  '@opentelemetry/resources@1.24.0':
    resolution: {integrity: sha512-mxC7E7ocUS1tLzepnA7O9/G8G6ZTdjCH2pXme1DDDuCuk6n2/53GADX+GWBuyX0dfIxeMInIbJAdjlfN9GNr6A==}
    engines: {node: '>=14'}
    peerDependencies:
      '@opentelemetry/api': '>=1.0.0 <1.9.0'

  '@opentelemetry/sdk-logs@0.50.0':
    resolution: {integrity: sha512-PeUEupBB29p9nlPNqXoa1PUWNLsZnxG0DCDj3sHqzae+8y76B/A5hvZjg03ulWdnvBLYpnJslqzylG9E0IL87g==}
    engines: {node: '>=14'}
    peerDependencies:
      '@opentelemetry/api': '>=1.4.0 <1.9.0'
      '@opentelemetry/api-logs': '>=0.39.1'

  '@opentelemetry/sdk-metrics@1.23.0':
    resolution: {integrity: sha512-4OkvW6+wST4h6LFG23rXSTf6nmTf201h9dzq7bE0z5R9ESEVLERZz6WXwE7PSgg1gdjlaznm1jLJf8GttypFDg==}
    engines: {node: '>=14'}
    peerDependencies:
      '@opentelemetry/api': '>=1.3.0 <1.9.0'

  '@opentelemetry/sdk-trace-base@1.23.0':
    resolution: {integrity: sha512-PzBmZM8hBomUqvCddF/5Olyyviayka44O5nDWq673np3ctnvwMOvNrsUORZjKja1zJbwEuD9niAGbnVrz3jwRQ==}
    engines: {node: '>=14'}
    peerDependencies:
      '@opentelemetry/api': '>=1.0.0 <1.9.0'

  '@opentelemetry/sdk-trace-base@1.24.0':
    resolution: {integrity: sha512-H9sLETZ4jw9UJ3totV8oM5R0m4CW0ZIOLfp4NV3g0CM8HD5zGZcaW88xqzWDgiYRpctFxd+WmHtGX/Upoa2vRg==}
    engines: {node: '>=14'}
    peerDependencies:
      '@opentelemetry/api': '>=1.0.0 <1.9.0'

  '@opentelemetry/semantic-conventions@1.23.0':
    resolution: {integrity: sha512-MiqFvfOzfR31t8cc74CTP1OZfz7MbqpAnLCra8NqQoaHJX6ncIRTdYOQYBDQ2uFISDq0WY8Y9dDTWvsgzzBYRg==}
    engines: {node: '>=14'}

  '@opentelemetry/semantic-conventions@1.24.0':
    resolution: {integrity: sha512-yL0jI6Ltuz8R+Opj7jClGrul6pOoYrdfVmzQS4SITXRPH7I5IRZbrwe/6/v8v4WYMa6MYZG480S1+uc/IGfqsA==}
    engines: {node: '>=14'}

  '@types/iarna__toml@2.0.5':
    resolution: {integrity: sha512-I55y+SxI0ayM4MBU6yfGJGmi4wRll6wtSeKiFYAZj+Z5Q1DVbMgBSVDYY+xQZbjIlLs/pN4fidnvR8faDrmxPg==}

  '@types/js-yaml@4.0.9':
    resolution: {integrity: sha512-k4MGaQl5TGo/iipqb2UDG2UwjXziSWkh0uysQelTlJpX1qGlpUZYm8PnO4DxG1qBomtJUdYJ6qR6xdIah10JLg==}

  '@types/node@20.12.8':
    resolution: {integrity: sha512-NU0rJLJnshZWdE/097cdCBbyW1h4hEg0xpovcoAQYHl8dnEyp/NAOiE45pvc+Bd1Dt+2r94v2eGFpQJ4R7g+2w==}

  alpine-apk@2.0.1:
    resolution: {integrity: sha512-VW1ieLuD57uhjI6g7QNygDozupJ29vaN3zzVRcafrFoEMxv0Eu50+miLewbcB/A3a9MsV2Y4Oleny7UK9um+6A==}
    engines: {node: '>=18'}

  argparse@2.0.1:
    resolution: {integrity: sha512-8+9WqebbFzpX9OR+Wa6O29asIogeRMzcGtAINdpMHHyAg10f05aSFVBbcEqGf/PXw1EjAZ+q2/bEBg3DvurK3Q==}

  async-mutex@0.5.0:
    resolution: {integrity: sha512-1A94B18jkJ3DYq284ohPxoXbfTA5HsQ7/Mf4DEhcyLx3Bz27Rh59iScbB6EPiP+B+joue6YCxcMXSbFC1tZKwA==}

  b4a@1.6.6:
    resolution: {integrity: sha512-5Tk1HLk6b6ctmjIkAcU/Ujv/1WqiDl0F0JdRCR80VsOcUlHcu7pWeWRlOqQLHfDEsVx9YH/aif5AG4ehoCtTmg==}

  bare-events@2.2.2:
    resolution: {integrity: sha512-h7z00dWdG0PYOQEvChhOSWvOfkIKsdZGkWr083FgN/HyoQuebSew/cgirYqh9SCuy/hRvxc5Vy6Fw8xAmYHLkQ==}

  fast-fifo@1.3.2:
    resolution: {integrity: sha512-/d9sfos4yxzpwkDkuN7k2SqFKtYNmCTzgfEpz82x34IM9/zc8KGxQoXg1liNC/izpRM/MBdt44Nmx41ZWqk+FQ==}

  is-node-process@1.2.0:
    resolution: {integrity: sha512-Vg4o6/fqPxIjtxgUH5QLJhwZ7gW5diGCVlXpuUfELC62CuxM1iHcRe51f2W1FDy04Ai4KJkagKjx3XaqyfRKXw==}

  js-yaml@4.1.0:
    resolution: {integrity: sha512-wpxZs9NoxZaJESJGIZTyDEaYpl0FKSA+FB9aJiyemKhMwkxQg63h4T1KJgUGHpTqPDNRcmmYLugrRjJlBtWvRA==}
    hasBin: true

  lodash.merge@4.6.2:
    resolution: {integrity: sha512-0KpjqXRVvrYyCsX1swR/XTK0va6VQkQM6MNo7PqW77ByjAhoARA8EfrP1N4+KlKj8YS0ZUCtRT/YUuhyYDujIQ==}

  outvariant@1.4.2:
    resolution: {integrity: sha512-Ou3dJ6bA/UJ5GVHxah4LnqDwZRwAmWxrG3wtrHrbGnP4RnLCtA64A4F+ae7Y8ww660JaddSoArUR5HjipWSHAQ==}

  queue-tick@1.0.1:
    resolution: {integrity: sha512-kJt5qhMxoszgU/62PLP1CJytzd2NKetjSRnyuj31fDd3Rlcz3fzlFdFLD1SItunPwyqEOkca6GbV612BWfaBag==}

  streamx@2.16.1:
    resolution: {integrity: sha512-m9QYj6WygWyWa3H1YY69amr4nVgy61xfjys7xO7kviL5rfIEc2naf+ewFiOA+aEJD7y0JO3h2GoiUv4TDwEGzQ==}

  strict-event-emitter@0.5.1:
    resolution: {integrity: sha512-vMgjE/GGEPEFnhFub6pa4FmJBRBVOLpIII2hvCZ8Kzb7K0hlHo7mQv6xYrBvCL2LtAIBwFUK8wvuJgTVSQ5MFQ==}

  tar-stream@3.1.7:
    resolution: {integrity: sha512-qJj60CXt7IU1Ffyc3NJMjh6EkuCFej46zUqJ4J7pqYlThyd9bO0XBTmcOIhSzZJVWfsLks0+nle/j538YAW9RQ==}

  tslib@2.6.2:
    resolution: {integrity: sha512-AEYxH93jGFPn/a2iVAwW87VuUIkR1FVUKB77NwMF7nBTDkDrrT/Hpt/IrCJ0QXhW27jTBDcf5ZY7w6RiqTMw2Q==}

  typescript@5.4.5:
    resolution: {integrity: sha512-vcI4UpRgg81oIRUFwR0WSIHKt11nJ7SAVlYNIu+QpqeyXP+gpQJy/Z4+F0aGxSE4MqwjyXvW/TzgkLAx2AGHwQ==}
    engines: {node: '>=14.17'}
    hasBin: true

  undici-types@5.26.5:
    resolution: {integrity: sha512-JlCMO+ehdEIKqlFxk6IfVoAUVmgz7cU7zD/h9XZ0qzeosSHmUJVOzSQvvYSYWXkFXC+IfLKSIffhv0sVZup6pA==}

  undici@6.15.0:
    resolution: {integrity: sha512-VviMt2tlMg1BvQ0FKXxrz1eJuyrcISrL2sPfBf7ZskX/FCEc/7LeThQaoygsMJpNqrATWQIsRVx+1Dpe4jaYuQ==}
    engines: {node: '>=18.17'}

  urlpattern-polyfill@8.0.2:
    resolution: {integrity: sha512-Qp95D4TPJl1kC9SKigDcqgyM2VDVO4RiJc2d4qe5GrYm+zbIQCWWKAFaJNQ4BhdFeDGwBmAxqJBwWSJDb9T3BQ==}

snapshots:

  '@adamburgess/linq@3.0.0': {}

  '@iarna/toml@2.2.5': {}

  '@mswjs/interceptors@0.27.2':
    dependencies:
      '@open-draft/deferred-promise': 2.2.0
      '@open-draft/logger': 0.3.0
      '@open-draft/until': 2.1.0
      is-node-process: 1.2.0
      outvariant: 1.4.2
      strict-event-emitter: 0.5.1

  '@netlify/functions@2.6.3(@opentelemetry/api@1.8.0)':
    dependencies:
      '@netlify/serverless-functions-api': 1.18.0(@opentelemetry/api@1.8.0)
    transitivePeerDependencies:
      - '@opentelemetry/api'

  '@netlify/node-cookies@0.1.0': {}

  '@netlify/serverless-functions-api@1.18.0(@opentelemetry/api@1.8.0)':
    dependencies:
      '@mswjs/interceptors': 0.27.2
      '@netlify/node-cookies': 0.1.0
      '@opentelemetry/core': 1.24.0(@opentelemetry/api@1.8.0)
      '@opentelemetry/otlp-transformer': 0.50.0(@opentelemetry/api@1.8.0)
      '@opentelemetry/resources': 1.24.0(@opentelemetry/api@1.8.0)
      '@opentelemetry/sdk-trace-base': 1.24.0(@opentelemetry/api@1.8.0)
      '@opentelemetry/semantic-conventions': 1.24.0
      urlpattern-polyfill: 8.0.2
    transitivePeerDependencies:
      - '@opentelemetry/api'

  '@open-draft/deferred-promise@2.2.0': {}

  '@open-draft/logger@0.3.0':
    dependencies:
      is-node-process: 1.2.0
      outvariant: 1.4.2

  '@open-draft/until@2.1.0': {}

  '@opentelemetry/api-logs@0.50.0':
    dependencies:
      '@opentelemetry/api': 1.8.0

  '@opentelemetry/api@1.8.0': {}

  '@opentelemetry/core@1.23.0(@opentelemetry/api@1.8.0)':
    dependencies:
      '@opentelemetry/api': 1.8.0
      '@opentelemetry/semantic-conventions': 1.23.0

  '@opentelemetry/core@1.24.0(@opentelemetry/api@1.8.0)':
    dependencies:
      '@opentelemetry/api': 1.8.0
      '@opentelemetry/semantic-conventions': 1.24.0

  '@opentelemetry/otlp-transformer@0.50.0(@opentelemetry/api@1.8.0)':
    dependencies:
      '@opentelemetry/api': 1.8.0
      '@opentelemetry/api-logs': 0.50.0
      '@opentelemetry/core': 1.23.0(@opentelemetry/api@1.8.0)
      '@opentelemetry/resources': 1.23.0(@opentelemetry/api@1.8.0)
      '@opentelemetry/sdk-logs': 0.50.0(@opentelemetry/api-logs@0.50.0)(@opentelemetry/api@1.8.0)
      '@opentelemetry/sdk-metrics': 1.23.0(@opentelemetry/api@1.8.0)
      '@opentelemetry/sdk-trace-base': 1.23.0(@opentelemetry/api@1.8.0)

  '@opentelemetry/resources@1.23.0(@opentelemetry/api@1.8.0)':
    dependencies:
      '@opentelemetry/api': 1.8.0
      '@opentelemetry/core': 1.23.0(@opentelemetry/api@1.8.0)
      '@opentelemetry/semantic-conventions': 1.23.0

  '@opentelemetry/resources@1.24.0(@opentelemetry/api@1.8.0)':
    dependencies:
      '@opentelemetry/api': 1.8.0
      '@opentelemetry/core': 1.24.0(@opentelemetry/api@1.8.0)
      '@opentelemetry/semantic-conventions': 1.24.0

  '@opentelemetry/sdk-logs@0.50.0(@opentelemetry/api-logs@0.50.0)(@opentelemetry/api@1.8.0)':
    dependencies:
      '@opentelemetry/api': 1.8.0
      '@opentelemetry/api-logs': 0.50.0
      '@opentelemetry/core': 1.23.0(@opentelemetry/api@1.8.0)
      '@opentelemetry/resources': 1.23.0(@opentelemetry/api@1.8.0)

  '@opentelemetry/sdk-metrics@1.23.0(@opentelemetry/api@1.8.0)':
    dependencies:
      '@opentelemetry/api': 1.8.0
      '@opentelemetry/core': 1.23.0(@opentelemetry/api@1.8.0)
      '@opentelemetry/resources': 1.23.0(@opentelemetry/api@1.8.0)
      lodash.merge: 4.6.2

  '@opentelemetry/sdk-trace-base@1.23.0(@opentelemetry/api@1.8.0)':
    dependencies:
      '@opentelemetry/api': 1.8.0
      '@opentelemetry/core': 1.23.0(@opentelemetry/api@1.8.0)
      '@opentelemetry/resources': 1.23.0(@opentelemetry/api@1.8.0)
      '@opentelemetry/semantic-conventions': 1.23.0

  '@opentelemetry/sdk-trace-base@1.24.0(@opentelemetry/api@1.8.0)':
    dependencies:
      '@opentelemetry/api': 1.8.0
      '@opentelemetry/core': 1.24.0(@opentelemetry/api@1.8.0)
      '@opentelemetry/resources': 1.24.0(@opentelemetry/api@1.8.0)
      '@opentelemetry/semantic-conventions': 1.24.0

  '@opentelemetry/semantic-conventions@1.23.0': {}

  '@opentelemetry/semantic-conventions@1.24.0': {}

  '@types/iarna__toml@2.0.5':
    dependencies:
      '@types/node': 20.12.8

  '@types/js-yaml@4.0.9': {}

  '@types/node@20.12.8':
    dependencies:
      undici-types: 5.26.5

  alpine-apk@2.0.1:
    dependencies:
      tar-stream: 3.1.7

  argparse@2.0.1: {}

  async-mutex@0.5.0:
    dependencies:
      tslib: 2.6.2

  b4a@1.6.6: {}

  bare-events@2.2.2:
    optional: true

  fast-fifo@1.3.2: {}

  is-node-process@1.2.0: {}

  js-yaml@4.1.0:
    dependencies:
      argparse: 2.0.1

  lodash.merge@4.6.2: {}

  outvariant@1.4.2: {}

  queue-tick@1.0.1: {}

  streamx@2.16.1:
    dependencies:
      fast-fifo: 1.3.2
      queue-tick: 1.0.1
    optionalDependencies:
      bare-events: 2.2.2

  strict-event-emitter@0.5.1: {}

  tar-stream@3.1.7:
    dependencies:
      b4a: 1.6.6
      fast-fifo: 1.3.2
      streamx: 2.16.1

  tslib@2.6.2: {}

  typescript@5.4.5: {}

  undici-types@5.26.5: {}

  undici@6.15.0: {}

  urlpattern-polyfill@8.0.2: {}
